{
  "nodes": {
    "nixpkgs": {
      "locked": {
        "lastModified": 1710413885,
        "narHash": "sha256-lczSbsCAGqBrboVV/3HJjJ49HW+1V9IoNWzxpPH/3D8=",
        "owner": "nixos",
        "repo": "nixpkgs",
        "rev": "272ba9d42ad697404de29ecc1b2550976ef3b7dc",
        "type": "github"
      },
      "original": {
        "owner": "nixos",
        "repo": "nixpkgs",
        "type": "github"
      }
    },
    "root": {
      "inputs": {
        "nixpkgs": "nixpkgs"
      }
    }
  },
  "root": "root",
  "version": 7
}
