{
  "nodes": {
    "nixpkgs": {
      "locked": {
        "lastModified": 1698328216,
        "narHash": "sha256-g7ehZ1NBB3ssWEWaWEeFfETKhUI5Tqi0/+HpRWUBCsA=",
        "owner": "nixos",
        "repo": "nixpkgs",
        "rev": "c3b2859eb31550120657eee17689b938541aadb2",
        "type": "github"
      },
      "original": {
        "owner": "nixos",
        "repo": "nixpkgs",
        "type": "github"
      }
    },
    "root": {
      "inputs": {
        "nixpkgs": "nixpkgs"
      }
    }
  },
  "root": "root",
  "version": 7
}
